
Microsoft Visual Studio Solution File, Format Version 12.00
# Visual Studio 15
VisualStudioVersion = 15.0.28307.421
MinimumVisualStudioVersion = 10.0.40219.1
Project("{FAE04EC0-301F-11D3-BF4B-00C04F79EFBC}") = "Envio de correo", "Envio de correo\Envio de correo.csproj", "{F06F9F1C-44E4-47DB-978D-EC5A461E95E1}"
EndProject
Global
	GlobalSection(SolutionConfigurationPlatforms) = preSolution
		Debug|Any CPU = Debug|Any CPU
		Release|Any CPU = Release|Any CPU
	EndGlobalSection
	GlobalSection(ProjectConfigurationPlatforms) = postSolution
		{F06F9F1C-44E4-47DB-978D-EC5A461E95E1}.Debug|Any CPU.ActiveCfg = Debug|Any CPU
		{F06F9F1C-44E4-47DB-978D-EC5A461E95E1}.Debug|Any CPU.Build.0 = Debug|Any CPU
		{F06F9F1C-44E4-47DB-978D-EC5A461E95E1}.Release|Any CPU.ActiveCfg = Release|Any CPU
		{F06F9F1C-44E4-47DB-978D-EC5A461E95E1}.Release|Any CPU.Build.0 = Release|Any CPU
	EndGlobalSection
	GlobalSection(SolutionProperties) = preSolution
		HideSolutionNode = FALSE
	EndGlobalSection
	GlobalSection(ExtensibilityGlobals) = postSolution
		SolutionGuid = {FACE6580-8FE2-420A-933E-73A2A2FE6BB1}
	EndGlobalSection
EndGlobal
